
Microsoft Visual Studio Solution File, Format Version 12.00
# Visual Studio Version 16
VisualStudioVersion = 16.0.31410.357
MinimumVisualStudioVersion = 10.0.40219.1
Project("{FAE04EC0-301F-11D3-BF4B-00C04F79EFBC}") = "PruebaSistemaTurnos", "PruebaSistemaTurnos\PruebaSistemaTurnos.csproj", "{02252404-53A3-4434-BE6B-563313261DDF}"
EndProject
Global
	GlobalSection(SolutionConfigurationPlatforms) = preSolution
		Debug|Any CPU = Debug|Any CPU
		Release|Any CPU = Release|Any CPU
	EndGlobalSection
	GlobalSection(ProjectConfigurationPlatforms) = postSolution
		{02252404-53A3-4434-BE6B-563313261DDF}.Debug|Any CPU.ActiveCfg = Debug|Any CPU
		{02252404-53A3-4434-BE6B-563313261DDF}.Debug|Any CPU.Build.0 = Debug|Any CPU
		{02252404-53A3-4434-BE6B-563313261DDF}.Release|Any CPU.ActiveCfg = Release|Any CPU
		{02252404-53A3-4434-BE6B-563313261DDF}.Release|Any CPU.Build.0 = Release|Any CPU
	EndGlobalSection
	GlobalSection(SolutionProperties) = preSolution
		HideSolutionNode = FALSE
	EndGlobalSection
	GlobalSection(ExtensibilityGlobals) = postSolution
		SolutionGuid = {28D626E6-7747-440F-905E-81033B88C56D}
	EndGlobalSection
EndGlobal
